
Microsoft Visual Studio Solution File, Format Version 12.00
# Visual Studio Version 17
VisualStudioVersion = 17.5.33530.505
MinimumVisualStudioVersion = 10.0.40219.1
Project("{FAE04EC0-301F-11D3-BF4B-00C04F79EFBC}") = "LabWork3", "LabWork3.csproj", "{06F30D1D-9BC1-405C-904E-626ADE5AC2A9}"
EndProject
Global
	GlobalSection(SolutionConfigurationPlatforms) = preSolution
		Debug|Any CPU = Debug|Any CPU
		Release|Any CPU = Release|Any CPU
	EndGlobalSection
	GlobalSection(ProjectConfigurationPlatforms) = postSolution
		{06F30D1D-9BC1-405C-904E-626ADE5AC2A9}.Debug|Any CPU.ActiveCfg = Debug|Any CPU
		{06F30D1D-9BC1-405C-904E-626ADE5AC2A9}.Debug|Any CPU.Build.0 = Debug|Any CPU
		{06F30D1D-9BC1-405C-904E-626ADE5AC2A9}.Release|Any CPU.ActiveCfg = Release|Any CPU
		{06F30D1D-9BC1-405C-904E-626ADE5AC2A9}.Release|Any CPU.Build.0 = Release|Any CPU
	EndGlobalSection
	GlobalSection(SolutionProperties) = preSolution
		HideSolutionNode = FALSE
	EndGlobalSection
	GlobalSection(ExtensibilityGlobals) = postSolution
		SolutionGuid = {A0B30D17-F75B-4A5A-A065-C53ECD75E235}
	EndGlobalSection
EndGlobal
